// !$*UTF8*$!
{
	archiveVersion = 1;
	classes = {
	};
	objectVersion = 50;
	objects = {

/* Begin PBXBuildFile section */
		233788C225D296F6009921E5 /* InformarionFriendCollectionViewController.swift in Sources */ = {isa = PBXBuildFile; fileRef = 233788C125D296F6009921E5 /* InformarionFriendCollectionViewController.swift */; };
		233788C525D29E6A009921E5 /* InformationFriendCollectionViewCell.swift in Sources */ = {isa = PBXBuildFile; fileRef = 233788C425D29E6A009921E5 /* InformationFriendCollectionViewCell.swift */; };
		233788C825D2A858009921E5 /* GradientViewLoginFormController.swift in Sources */ = {isa = PBXBuildFile; fileRef = 233788C725D2A858009921E5 /* GradientViewLoginFormController.swift */; };
		2352C1E825BF005E006973FB /* AppDelegate.swift in Sources */ = {isa = PBXBuildFile; fileRef = 2352C1E725BF005E006973FB /* AppDelegate.swift */; };
		2352C1EF25BF005E006973FB /* Main.storyboard in Resources */ = {isa = PBXBuildFile; fileRef = 2352C1ED25BF005E006973FB /* Main.storyboard */; };
		2352C1F125BF0060006973FB /* Assets.xcassets in Resources */ = {isa = PBXBuildFile; fileRef = 2352C1F025BF0060006973FB /* Assets.xcassets */; };
		2352C1F425BF0060006973FB /* LaunchScreen.storyboard in Resources */ = {isa = PBXBuildFile; fileRef = 2352C1F225BF0060006973FB /* LaunchScreen.storyboard */; };
		2352C1FF25BF789E006973FB /* LoginFormController.swift in Sources */ = {isa = PBXBuildFile; fileRef = 2352C1FE25BF789E006973FB /* LoginFormController.swift */; };
		23BC552025D0618800E9816D /* AllGroupsTableViewController.swift in Sources */ = {isa = PBXBuildFile; fileRef = 23BC551F25D0618700E9816D /* AllGroupsTableViewController.swift */; };
		23BC552625D0A4EB00E9816D /* AllGroupsTableViewCell.swift in Sources */ = {isa = PBXBuildFile; fileRef = 23BC552425D0A4EB00E9816D /* AllGroupsTableViewCell.swift */; };
		23BC552725D0A4EB00E9816D /* AllGroupsTableViewCell.xib in Resources */ = {isa = PBXBuildFile; fileRef = 23BC552525D0A4EB00E9816D /* AllGroupsTableViewCell.xib */; };
		23FDB04E25C9E6150033F692 /* FriendTableViewCell.swift in Sources */ = {isa = PBXBuildFile; fileRef = 23FDB04C25C9E6150033F692 /* FriendTableViewCell.swift */; };
		23FDB04F25C9E6150033F692 /* FriendTableViewCell.xib in Resources */ = {isa = PBXBuildFile; fileRef = 23FDB04D25C9E6150033F692 /* FriendTableViewCell.xib */; };
		23FDB05325C9E6250033F692 /* GroupTableViewCell.swift in Sources */ = {isa = PBXBuildFile; fileRef = 23FDB05125C9E6250033F692 /* GroupTableViewCell.swift */; };
		23FDB05425C9E6250033F692 /* GroupTableViewCell.xib in Resources */ = {isa = PBXBuildFile; fileRef = 23FDB05225C9E6250033F692 /* GroupTableViewCell.xib */; };
		23FDB05725C9E6410033F692 /* FriendsTableViewController.swift in Sources */ = {isa = PBXBuildFile; fileRef = 23FDB05625C9E6410033F692 /* FriendsTableViewController.swift */; };
		23FDB05A25C9E64C0033F692 /* GroupTableViewController.swift in Sources */ = {isa = PBXBuildFile; fileRef = 23FDB05925C9E64C0033F692 /* GroupTableViewController.swift */; };
		23FDB05F25C9F5230033F692 /* User.swift in Sources */ = {isa = PBXBuildFile; fileRef = 23FDB05E25C9F5230033F692 /* User.swift */; };
		23FDB06225C9F52F0033F692 /* Group.swift in Sources */ = {isa = PBXBuildFile; fileRef = 23FDB06125C9F52F0033F692 /* Group.swift */; };
/* End PBXBuildFile section */

/* Begin PBXFileReference section */
		233788C125D296F6009921E5 /* InformarionFriendCollectionViewController.swift */ = {isa = PBXFileReference; lastKnownFileType = sourcecode.swift; path = InformarionFriendCollectionViewController.swift; sourceTree = "<group>"; };
		233788C425D29E6A009921E5 /* InformationFriendCollectionViewCell.swift */ = {isa = PBXFileReference; lastKnownFileType = sourcecode.swift; path = InformationFriendCollectionViewCell.swift; sourceTree = "<group>"; };
		233788C725D2A858009921E5 /* GradientViewLoginFormController.swift */ = {isa = PBXFileReference; lastKnownFileType = sourcecode.swift; path = GradientViewLoginFormController.swift; sourceTree = "<group>"; };
		2352C1E425BF005E006973FB /* lesson1.app */ = {isa = PBXFileReference; explicitFileType = wrapper.application; includeInIndex = 0; path = lesson1.app; sourceTree = BUILT_PRODUCTS_DIR; };
		2352C1E725BF005E006973FB /* AppDelegate.swift */ = {isa = PBXFileReference; lastKnownFileType = sourcecode.swift; path = AppDelegate.swift; sourceTree = "<group>"; };
		2352C1EE25BF005E006973FB /* Base */ = {isa = PBXFileReference; lastKnownFileType = file.storyboard; name = Base; path = Base.lproj/Main.storyboard; sourceTree = "<group>"; };
		2352C1F025BF0060006973FB /* Assets.xcassets */ = {isa = PBXFileReference; lastKnownFileType = folder.assetcatalog; path = Assets.xcassets; sourceTree = "<group>"; };
		2352C1F325BF0060006973FB /* Base */ = {isa = PBXFileReference; lastKnownFileType = file.storyboard; name = Base; path = Base.lproj/LaunchScreen.storyboard; sourceTree = "<group>"; };
		2352C1F525BF0060006973FB /* Info.plist */ = {isa = PBXFileReference; lastKnownFileType = text.plist.xml; path = Info.plist; sourceTree = "<group>"; };
		2352C1FE25BF789E006973FB /* LoginFormController.swift */ = {isa = PBXFileReference; lastKnownFileType = sourcecode.swift; path = LoginFormController.swift; sourceTree = "<group>"; };
		23BC551F25D0618700E9816D /* AllGroupsTableViewController.swift */ = {isa = PBXFileReference; lastKnownFileType = sourcecode.swift; path = AllGroupsTableViewController.swift; sourceTree = "<group>"; };
		23BC552425D0A4EB00E9816D /* AllGroupsTableViewCell.swift */ = {isa = PBXFileReference; lastKnownFileType = sourcecode.swift; path = AllGroupsTableViewCell.swift; sourceTree = "<group>"; };
		23BC552525D0A4EB00E9816D /* AllGroupsTableViewCell.xib */ = {isa = PBXFileReference; lastKnownFileType = file.xib; path = AllGroupsTableViewCell.xib; sourceTree = "<group>"; };
		23FDB04C25C9E6150033F692 /* FriendTableViewCell.swift */ = {isa = PBXFileReference; lastKnownFileType = sourcecode.swift; path = FriendTableViewCell.swift; sourceTree = "<group>"; };
		23FDB04D25C9E6150033F692 /* FriendTableViewCell.xib */ = {isa = PBXFileReference; lastKnownFileType = file.xib; path = FriendTableViewCell.xib; sourceTree = "<group>"; };
		23FDB05125C9E6250033F692 /* GroupTableViewCell.swift */ = {isa = PBXFileReference; lastKnownFileType = sourcecode.swift; path = GroupTableViewCell.swift; sourceTree = "<group>"; };
		23FDB05225C9E6250033F692 /* GroupTableViewCell.xib */ = {isa = PBXFileReference; lastKnownFileType = file.xib; path = GroupTableViewCell.xib; sourceTree = "<group>"; };
		23FDB05625C9E6410033F692 /* FriendsTableViewController.swift */ = {isa = PBXFileReference; lastKnownFileType = sourcecode.swift; path = FriendsTableViewController.swift; sourceTree = "<group>"; };
		23FDB05925C9E64C0033F692 /* GroupTableViewController.swift */ = {isa = PBXFileReference; lastKnownFileType = sourcecode.swift; path = GroupTableViewController.swift; sourceTree = "<group>"; };
		23FDB05E25C9F5230033F692 /* User.swift */ = {isa = PBXFileReference; lastKnownFileType = sourcecode.swift; path = User.swift; sourceTree = "<group>"; };
		23FDB06125C9F52F0033F692 /* Group.swift */ = {isa = PBXFileReference; lastKnownFileType = sourcecode.swift; path = Group.swift; sourceTree = "<group>"; };
/* End PBXFileReference section */

/* Begin PBXFrameworksBuildPhase section */
		2352C1E125BF005E006973FB /* Frameworks */ = {
			isa = PBXFrameworksBuildPhase;
			buildActionMask = 2147483647;
			files = (
			);
			runOnlyForDeploymentPostprocessing = 0;
		};
/* End PBXFrameworksBuildPhase section */

/* Begin PBXGroup section */
		2352C1DB25BF005E006973FB = {
			isa = PBXGroup;
			children = (
				2352C1E625BF005E006973FB /* lesson1 */,
				2352C1E525BF005E006973FB /* Products */,
			);
			sourceTree = "<group>";
		};
		2352C1E525BF005E006973FB /* Products */ = {
			isa = PBXGroup;
			children = (
				2352C1E425BF005E006973FB /* lesson1.app */,
			);
			name = Products;
			sourceTree = "<group>";
		};
		2352C1E625BF005E006973FB /* lesson1 */ = {
			isa = PBXGroup;
			children = (
				23FDB05D25C9F4C10033F692 /* Model */,
				23FDB04B25C9E5B00033F692 /* Cells */,
				2352C1E725BF005E006973FB /* AppDelegate.swift */,
				2352C1ED25BF005E006973FB /* Main.storyboard */,
				2352C1FE25BF789E006973FB /* LoginFormController.swift */,
				2352C1F025BF0060006973FB /* Assets.xcassets */,
				2352C1F225BF0060006973FB /* LaunchScreen.storyboard */,
				2352C1F525BF0060006973FB /* Info.plist */,
				23FDB05625C9E6410033F692 /* FriendsTableViewController.swift */,
				23BC551F25D0618700E9816D /* AllGroupsTableViewController.swift */,
				23FDB05925C9E64C0033F692 /* GroupTableViewController.swift */,
				233788C725D2A858009921E5 /* GradientViewLoginFormController.swift */,
			);
			path = lesson1;
			sourceTree = "<group>";
		};
		23FDB04B25C9E5B00033F692 /* Cells */ = {
			isa = PBXGroup;
			children = (
				23FDB04C25C9E6150033F692 /* FriendTableViewCell.swift */,
				23FDB04D25C9E6150033F692 /* FriendTableViewCell.xib */,
				23FDB05125C9E6250033F692 /* GroupTableViewCell.swift */,
				23FDB05225C9E6250033F692 /* GroupTableViewCell.xib */,
				23BC552425D0A4EB00E9816D /* AllGroupsTableViewCell.swift */,
				23BC552525D0A4EB00E9816D /* AllGroupsTableViewCell.xib */,
				233788C125D296F6009921E5 /* InformarionFriendCollectionViewController.swift */,
				233788C425D29E6A009921E5 /* InformationFriendCollectionViewCell.swift */,
			);
			path = Cells;
			sourceTree = "<group>";
		};
		23FDB05D25C9F4C10033F692 /* Model */ = {
			isa = PBXGroup;
			children = (
				23FDB05E25C9F5230033F692 /* User.swift */,
				23FDB06125C9F52F0033F692 /* Group.swift */,
			);
			path = Model;
			sourceTree = "<group>";
		};
/* End PBXGroup section */

/* Begin PBXNativeTarget section */
		2352C1E325BF005E006973FB /* lesson1 */ = {
			isa = PBXNativeTarget;
			buildConfigurationList = 2352C1F825BF0060006973FB /* Build configuration list for PBXNativeTarget "lesson1" */;
			buildPhases = (
				2352C1E025BF005E006973FB /* Sources */,
				2352C1E125BF005E006973FB /* Frameworks */,
				2352C1E225BF005E006973FB /* Resources */,
			);
			buildRules = (
			);
			dependencies = (
			);
			name = lesson1;
			productName = lesson1;
			productReference = 2352C1E425BF005E006973FB /* lesson1.app */;
			productType = "com.apple.product-type.application";
		};
/* End PBXNativeTarget section */

/* Begin PBXProject section */
		2352C1DC25BF005E006973FB /* Project object */ = {
			isa = PBXProject;
			attributes = {
				LastSwiftUpdateCheck = 1230;
				LastUpgradeCheck = 1230;
				TargetAttributes = {
					2352C1E325BF005E006973FB = {
						CreatedOnToolsVersion = 12.3;
					};
				};
			};
			buildConfigurationList = 2352C1DF25BF005E006973FB /* Build configuration list for PBXProject "lesson1" */;
			compatibilityVersion = "Xcode 9.3";
			developmentRegion = en;
			hasScannedForEncodings = 0;
			knownRegions = (
				en,
				Base,
			);
			mainGroup = 2352C1DB25BF005E006973FB;
			productRefGroup = 2352C1E525BF005E006973FB /* Products */;
			projectDirPath = "";
			projectRoot = "";
			targets = (
				2352C1E325BF005E006973FB /* lesson1 */,
			);
		};
/* End PBXProject section */

/* Begin PBXResourcesBuildPhase section */
		2352C1E225BF005E006973FB /* Resources */ = {
			isa = PBXResourcesBuildPhase;
			buildActionMask = 2147483647;
			files = (
				2352C1F425BF0060006973FB /* LaunchScreen.storyboard in Resources */,
				23FDB05425C9E6250033F692 /* GroupTableViewCell.xib in Resources */,
				2352C1F125BF0060006973FB /* Assets.xcassets in Resources */,
				2352C1EF25BF005E006973FB /* Main.storyboard in Resources */,
				23FDB04F25C9E6150033F692 /* FriendTableViewCell.xib in Resources */,
				23BC552725D0A4EB00E9816D /* AllGroupsTableViewCell.xib in Resources */,
			);
			runOnlyForDeploymentPostprocessing = 0;
		};
/* End PBXResourcesBuildPhase section */

/* Begin PBXSourcesBuildPhase section */
		2352C1E025BF005E006973FB /* Sources */ = {
			isa = PBXSourcesBuildPhase;
			buildActionMask = 2147483647;
			files = (
				23FDB04E25C9E6150033F692 /* FriendTableViewCell.swift in Sources */,
				233788C525D29E6A009921E5 /* InformationFriendCollectionViewCell.swift in Sources */,
				23BC552625D0A4EB00E9816D /* AllGroupsTableViewCell.swift in Sources */,
				2352C1FF25BF789E006973FB /* LoginFormController.swift in Sources */,
				233788C225D296F6009921E5 /* InformarionFriendCollectionViewController.swift in Sources */,
				2352C1E825BF005E006973FB /* AppDelegate.swift in Sources */,
				23FDB05325C9E6250033F692 /* GroupTableViewCell.swift in Sources */,
				23FDB05725C9E6410033F692 /* FriendsTableViewController.swift in Sources */,
				23FDB06225C9F52F0033F692 /* Group.swift in Sources */,
				23FDB05A25C9E64C0033F692 /* GroupTableViewController.swift in Sources */,
				23BC552025D0618800E9816D /* AllGroupsTableViewController.swift in Sources */,
				23FDB05F25C9F5230033F692 /* User.swift in Sources */,
				233788C825D2A858009921E5 /* GradientViewLoginFormController.swift in Sources */,
			);
			runOnlyForDeploymentPostprocessing = 0;
		};
/* End PBXSourcesBuildPhase section */

/* Begin PBXVariantGroup section */
		2352C1ED25BF005E006973FB /* Main.storyboard */ = {
			isa = PBXVariantGroup;
			children = (
				2352C1EE25BF005E006973FB /* Base */,
			);
			name = Main.storyboard;
			sourceTree = "<group>";
		};
		2352C1F225BF0060006973FB /* LaunchScreen.storyboard */ = {
			isa = PBXVariantGroup;
			children = (
				2352C1F325BF0060006973FB /* Base */,
			);
			name = LaunchScreen.storyboard;
			sourceTree = "<group>";
		};
/* End PBXVariantGroup section */

/* Begin XCBuildConfiguration section */
		2352C1F625BF0060006973FB /* Debug */ = {
			isa = XCBuildConfiguration;
			buildSettings = {
				ALWAYS_SEARCH_USER_PATHS = NO;
				CLANG_ANALYZER_NONNULL = YES;
				CLANG_ANALYZER_NUMBER_OBJECT_CONVERSION = YES_AGGRESSIVE;
				CLANG_CXX_LANGUAGE_STANDARD = "gnu++14";
				CLANG_CXX_LIBRARY = "libc++";
				CLANG_ENABLE_MODULES = YES;
				CLANG_ENABLE_OBJC_ARC = YES;
				CLANG_ENABLE_OBJC_WEAK = YES;
				CLANG_WARN_BLOCK_CAPTURE_AUTORELEASING = YES;
				CLANG_WARN_BOOL_CONVERSION = YES;
				CLANG_WARN_COMMA = YES;
				CLANG_WARN_CONSTANT_CONVERSION = YES;
				CLANG_WARN_DEPRECATED_OBJC_IMPLEMENTATIONS = YES;
				CLANG_WARN_DIRECT_OBJC_ISA_USAGE = YES_ERROR;
				CLANG_WARN_DOCUMENTATION_COMMENTS = YES;
				CLANG_WARN_EMPTY_BODY = YES;
				CLANG_WARN_ENUM_CONVERSION = YES;
				CLANG_WARN_INFINITE_RECURSION = YES;
				CLANG_WARN_INT_CONVERSION = YES;
				CLANG_WARN_NON_LITERAL_NULL_CONVERSION = YES;
				CLANG_WARN_OBJC_IMPLICIT_RETAIN_SELF = YES;
				CLANG_WARN_OBJC_LITERAL_CONVERSION = YES;
				CLANG_WARN_OBJC_ROOT_CLASS = YES_ERROR;
				CLANG_WARN_QUOTED_INCLUDE_IN_FRAMEWORK_HEADER = YES;
				CLANG_WARN_RANGE_LOOP_ANALYSIS = YES;
				CLANG_WARN_STRICT_PROTOTYPES = YES;
				CLANG_WARN_SUSPICIOUS_MOVE = YES;
				CLANG_WARN_UNGUARDED_AVAILABILITY = YES_AGGRESSIVE;
				CLANG_WARN_UNREACHABLE_CODE = YES;
				CLANG_WARN__DUPLICATE_METHOD_MATCH = YES;
				COPY_PHASE_STRIP = NO;
				DEBUG_INFORMATION_FORMAT = dwarf;
				ENABLE_STRICT_OBJC_MSGSEND = YES;
				ENABLE_TESTABILITY = YES;
				GCC_C_LANGUAGE_STANDARD = gnu11;
				GCC_DYNAMIC_NO_PIC = NO;
				GCC_NO_COMMON_BLOCKS = YES;
				GCC_OPTIMIZATION_LEVEL = 0;
				GCC_PREPROCESSOR_DEFINITIONS = (
					"DEBUG=1",
					"$(inherited)",
				);
				GCC_WARN_64_TO_32_BIT_CONVERSION = YES;
				GCC_WARN_ABOUT_RETURN_TYPE = YES_ERROR;
				GCC_WARN_UNDECLARED_SELECTOR = YES;
				GCC_WARN_UNINITIALIZED_AUTOS = YES_AGGRESSIVE;
				GCC_WARN_UNUSED_FUNCTION = YES;
				GCC_WARN_UNUSED_VARIABLE = YES;
				IPHONEOS_DEPLOYMENT_TARGET = 13.0;
				MTL_ENABLE_DEBUG_INFO = INCLUDE_SOURCE;
				MTL_FAST_MATH = YES;
				ONLY_ACTIVE_ARCH = YES;
				SDKROOT = iphoneos;
				SWIFT_ACTIVE_COMPILATION_CONDITIONS = DEBUG;
				SWIFT_OPTIMIZATION_LEVEL = "-Onone";
			};
			name = Debug;
		};
		2352C1F725BF0060006973FB /* Release */ = {
			isa = XCBuildConfiguration;
			buildSettings = {
				ALWAYS_SEARCH_USER_PATHS = NO;
				CLANG_ANALYZER_NONNULL = YES;
				CLANG_ANALYZER_NUMBER_OBJECT_CONVERSION = YES_AGGRESSIVE;
				CLANG_CXX_LANGUAGE_STANDARD = "gnu++14";
				CLANG_CXX_LIBRARY = "libc++";
				CLANG_ENABLE_MODULES = YES;
				CLANG_ENABLE_OBJC_ARC = YES;
				CLANG_ENABLE_OBJC_WEAK = YES;
				CLANG_WARN_BLOCK_CAPTURE_AUTORELEASING = YES;
				CLANG_WARN_BOOL_CONVERSION = YES;
				CLANG_WARN_COMMA = YES;
				CLANG_WARN_CONSTANT_CONVERSION = YES;
				CLANG_WARN_DEPRECATED_OBJC_IMPLEMENTATIONS = YES;
				CLANG_WARN_DIRECT_OBJC_ISA_USAGE = YES_ERROR;
				CLANG_WARN_DOCUMENTATION_COMMENTS = YES;
				CLANG_WARN_EMPTY_BODY = YES;
				CLANG_WARN_ENUM_CONVERSION = YES;
				CLANG_WARN_INFINITE_RECURSION = YES;
				CLANG_WARN_INT_CONVERSION = YES;
				CLANG_WARN_NON_LITERAL_NULL_CONVERSION = YES;
				CLANG_WARN_OBJC_IMPLICIT_RETAIN_SELF = YES;
				CLANG_WARN_OBJC_LITERAL_CONVERSION = YES;
				CLANG_WARN_OBJC_ROOT_CLASS = YES_ERROR;
				CLANG_WARN_QUOTED_INCLUDE_IN_FRAMEWORK_HEADER = YES;
				CLANG_WARN_RANGE_LOOP_ANALYSIS = YES;
				CLANG_WARN_STRICT_PROTOTYPES = YES;
				CLANG_WARN_SUSPICIOUS_MOVE = YES;
				CLANG_WARN_UNGUARDED_AVAILABILITY = YES_AGGRESSIVE;
				CLANG_WARN_UNREACHABLE_CODE = YES;
				CLANG_WARN__DUPLICATE_METHOD_MATCH = YES;
				COPY_PHASE_STRIP = NO;
				DEBUG_INFORMATION_FORMAT = "dwarf-with-dsym";
				ENABLE_NS_ASSERTIONS = NO;
				ENABLE_STRICT_OBJC_MSGSEND = YES;
				GCC_C_LANGUAGE_STANDARD = gnu11;
				GCC_NO_COMMON_BLOCKS = YES;
				GCC_WARN_64_TO_32_BIT_CONVERSION = YES;
				GCC_WARN_ABOUT_RETURN_TYPE = YES_ERROR;
				GCC_WARN_UNDECLARED_SELECTOR = YES;
				GCC_WARN_UNINITIALIZED_AUTOS = YES_AGGRESSIVE;
				GCC_WARN_UNUSED_FUNCTION = YES;
				GCC_WARN_UNUSED_VARIABLE = YES;
				IPHONEOS_DEPLOYMENT_TARGET = 13.0;
				MTL_ENABLE_DEBUG_INFO = NO;
				MTL_FAST_MATH = YES;
				SDKROOT = iphoneos;
				SWIFT_COMPILATION_MODE = wholemodule;
				SWIFT_OPTIMIZATION_LEVEL = "-O";
				VALIDATE_PRODUCT = YES;
			};
			name = Release;
		};
		2352C1F925BF0060006973FB /* Debug */ = {
			isa = XCBuildConfiguration;
			buildSettings = {
				ASSETCATALOG_COMPILER_APPICON_NAME = AppIcon;
				ASSETCATALOG_COMPILER_GLOBAL_ACCENT_COLOR_NAME = AccentColor;
				CODE_SIGN_STYLE = Automatic;
				DEVELOPMENT_TEAM = XK4SFX342S;
				INFOPLIST_FILE = lesson1/Info.plist;
				IPHONEOS_DEPLOYMENT_TARGET = 13.0;
				LD_RUNPATH_SEARCH_PATHS = (
					"$(inherited)",
					"@executable_path/Frameworks",
				);
				PRODUCT_BUNDLE_IDENTIFIER = svtsv.lesson1;
				PRODUCT_NAME = "$(TARGET_NAME)";
				SWIFT_VERSION = 5.0;
				TARGETED_DEVICE_FAMILY = "1,2";
			};
			name = Debug;
		};
		2352C1FA25BF0060006973FB /* Release */ = {
			isa = XCBuildConfiguration;
			buildSettings = {
				ASSETCATALOG_COMPILER_APPICON_NAME = AppIcon;
				ASSETCATALOG_COMPILER_GLOBAL_ACCENT_COLOR_NAME = AccentColor;
				CODE_SIGN_STYLE = Automatic;
				DEVELOPMENT_TEAM = XK4SFX342S;
				INFOPLIST_FILE = lesson1/Info.plist;
				IPHONEOS_DEPLOYMENT_TARGET = 13.0;
				LD_RUNPATH_SEARCH_PATHS = (
					"$(inherited)",
					"@executable_path/Frameworks",
				);
				PRODUCT_BUNDLE_IDENTIFIER = svtsv.lesson1;
				PRODUCT_NAME = "$(TARGET_NAME)";
				SWIFT_VERSION = 5.0;
				TARGETED_DEVICE_FAMILY = "1,2";
			};
			name = Release;
		};
/* End XCBuildConfiguration section */

/* Begin XCConfigurationList section */
		2352C1DF25BF005E006973FB /* Build configuration list for PBXProject "lesson1" */ = {
			isa = XCConfigurationList;
			buildConfigurations = (
				2352C1F625BF0060006973FB /* Debug */,
				2352C1F725BF0060006973FB /* Release */,
			);
			defaultConfigurationIsVisible = 0;
			defaultConfigurationName = Release;
		};
		2352C1F825BF0060006973FB /* Build configuration list for PBXNativeTarget "lesson1" */ = {
			isa = XCConfigurationList;
			buildConfigurations = (
				2352C1F925BF0060006973FB /* Debug */,
				2352C1FA25BF0060006973FB /* Release */,
			);
			defaultConfigurationIsVisible = 0;
			defaultConfigurationName = Release;
		};
/* End XCConfigurationList section */
	};
	rootObject = 2352C1DC25BF005E006973FB /* Project object */;
}
